// !$*UTF8*$!
{
	archiveVersion = 1;
	classes = {
	};
	objectVersion = 56;
	objects = {

/* Begin PBXBuildFile section */
		2C003C16295C62BC00FC2D4D /* Product.swift in Sources */ = {isa = PBXBuildFile; fileRef = 2C003C15295C62BC00FC2D4D /* Product.swift */; };
		2C003C18295C62C600FC2D4D /* Category.swift in Sources */ = {isa = PBXBuildFile; fileRef = 2C003C17295C62C600FC2D4D /* Category.swift */; };
		2C003C1A295C742C00FC2D4D /* MenuManager.swift in Sources */ = {isa = PBXBuildFile; fileRef = 2C003C19295C742C00FC2D4D /* MenuManager.swift */; };
		2C003C1C295C745300FC2D4D /* CartManager.swift in Sources */ = {isa = PBXBuildFile; fileRef = 2C003C1B295C745300FC2D4D /* CartManager.swift */; };
		2C003C1E295C7C3B00FC2D4D /* OrderItem.swift in Sources */ = {isa = PBXBuildFile; fileRef = 2C003C1D295C7C3B00FC2D4D /* OrderItem.swift */; };
		2C46BA83295B202700761531 /* OffersPage.swift in Sources */ = {isa = PBXBuildFile; fileRef = 2C46BA82295B202700761531 /* OffersPage.swift */; };
		2C46BA87295B2DF000761531 /* OrdersPage.swift in Sources */ = {isa = PBXBuildFile; fileRef = 2C46BA86295B2DF000761531 /* OrdersPage.swift */; };
		2C46BA89295B2E3500761531 /* MenuPage.swift in Sources */ = {isa = PBXBuildFile; fileRef = 2C46BA88295B2E3500761531 /* MenuPage.swift */; };
		2C46BA8B295B2E4100761531 /* InfoPage.swift in Sources */ = {isa = PBXBuildFile; fileRef = 2C46BA8A295B2E4100761531 /* InfoPage.swift */; };
		2C46BA8D295B2F1A00761531 /* ProductItem.swift in Sources */ = {isa = PBXBuildFile; fileRef = 2C46BA8C295B2F1A00761531 /* ProductItem.swift */; };
		2C6AFFA1296304FB00B6D76F /* Alamofire in Frameworks */ = {isa = PBXBuildFile; productRef = 2C6AFFA0296304FB00B6D76F /* Alamofire */; };
		2C7751B72959C231006C4C00 /* CoffeeMastersApp.swift in Sources */ = {isa = PBXBuildFile; fileRef = 2C7751B62959C231006C4C00 /* CoffeeMastersApp.swift */; };
		2C7751B92959C231006C4C00 /* ContentView.swift in Sources */ = {isa = PBXBuildFile; fileRef = 2C7751B82959C231006C4C00 /* ContentView.swift */; };
		2C7751BB2959C232006C4C00 /* Assets.xcassets in Resources */ = {isa = PBXBuildFile; fileRef = 2C7751BA2959C232006C4C00 /* Assets.xcassets */; };
		2C7751BE2959C232006C4C00 /* Preview Assets.xcassets in Resources */ = {isa = PBXBuildFile; fileRef = 2C7751BD2959C232006C4C00 /* Preview Assets.xcassets */; };
		2CA21937295B0C0500E17138 /* Offer.swift in Sources */ = {isa = PBXBuildFile; fileRef = 2CA21936295B0C0500E17138 /* Offer.swift */; };
		2CBA56C2295B316A00B46A5E /* DetailsPage.swift in Sources */ = {isa = PBXBuildFile; fileRef = 2CBA56C1295B316A00B46A5E /* DetailsPage.swift */; };
/* End PBXBuildFile section */

/* Begin PBXFileReference section */
		2C003C15295C62BC00FC2D4D /* Product.swift */ = {isa = PBXFileReference; lastKnownFileType = sourcecode.swift; path = Product.swift; sourceTree = "<group>"; };
		2C003C17295C62C600FC2D4D /* Category.swift */ = {isa = PBXFileReference; lastKnownFileType = sourcecode.swift; path = Category.swift; sourceTree = "<group>"; };
		2C003C19295C742C00FC2D4D /* MenuManager.swift */ = {isa = PBXFileReference; lastKnownFileType = sourcecode.swift; path = MenuManager.swift; sourceTree = "<group>"; };
		2C003C1B295C745300FC2D4D /* CartManager.swift */ = {isa = PBXFileReference; lastKnownFileType = sourcecode.swift; path = CartManager.swift; sourceTree = "<group>"; };
		2C003C1D295C7C3B00FC2D4D /* OrderItem.swift */ = {isa = PBXFileReference; lastKnownFileType = sourcecode.swift; path = OrderItem.swift; sourceTree = "<group>"; };
		2C46BA82295B202700761531 /* OffersPage.swift */ = {isa = PBXFileReference; lastKnownFileType = sourcecode.swift; path = OffersPage.swift; sourceTree = "<group>"; };
		2C46BA86295B2DF000761531 /* OrdersPage.swift */ = {isa = PBXFileReference; lastKnownFileType = sourcecode.swift; path = OrdersPage.swift; sourceTree = "<group>"; };
		2C46BA88295B2E3500761531 /* MenuPage.swift */ = {isa = PBXFileReference; lastKnownFileType = sourcecode.swift; path = MenuPage.swift; sourceTree = "<group>"; };
		2C46BA8A295B2E4100761531 /* InfoPage.swift */ = {isa = PBXFileReference; lastKnownFileType = sourcecode.swift; path = InfoPage.swift; sourceTree = "<group>"; };
		2C46BA8C295B2F1A00761531 /* ProductItem.swift */ = {isa = PBXFileReference; lastKnownFileType = sourcecode.swift; path = ProductItem.swift; sourceTree = "<group>"; };
		2C7751B32959C231006C4C00 /* CoffeeMasters.app */ = {isa = PBXFileReference; explicitFileType = wrapper.application; includeInIndex = 0; path = CoffeeMasters.app; sourceTree = BUILT_PRODUCTS_DIR; };
		2C7751B62959C231006C4C00 /* CoffeeMastersApp.swift */ = {isa = PBXFileReference; lastKnownFileType = sourcecode.swift; path = CoffeeMastersApp.swift; sourceTree = "<group>"; };
		2C7751B82959C231006C4C00 /* ContentView.swift */ = {isa = PBXFileReference; lastKnownFileType = sourcecode.swift; path = ContentView.swift; sourceTree = "<group>"; };
		2C7751BA2959C232006C4C00 /* Assets.xcassets */ = {isa = PBXFileReference; lastKnownFileType = folder.assetcatalog; path = Assets.xcassets; sourceTree = "<group>"; };
		2C7751BD2959C232006C4C00 /* Preview Assets.xcassets */ = {isa = PBXFileReference; lastKnownFileType = folder.assetcatalog; path = "Preview Assets.xcassets"; sourceTree = "<group>"; };
		2CA21936295B0C0500E17138 /* Offer.swift */ = {isa = PBXFileReference; lastKnownFileType = sourcecode.swift; path = Offer.swift; sourceTree = "<group>"; };
		2CBA56C1295B316A00B46A5E /* DetailsPage.swift */ = {isa = PBXFileReference; lastKnownFileType = sourcecode.swift; path = DetailsPage.swift; sourceTree = "<group>"; };
/* End PBXFileReference section */

/* Begin PBXFrameworksBuildPhase section */
		2C7751B02959C231006C4C00 /* Frameworks */ = {
			isa = PBXFrameworksBuildPhase;
			buildActionMask = 2147483647;
			files = (
				2C6AFFA1296304FB00B6D76F /* Alamofire in Frameworks */,
			);
			runOnlyForDeploymentPostprocessing = 0;
		};
/* End PBXFrameworksBuildPhase section */

/* Begin PBXGroup section */
		2C003C14295C62B300FC2D4D /* Model */ = {
			isa = PBXGroup;
			children = (
				2C003C17295C62C600FC2D4D /* Category.swift */,
				2C003C15295C62BC00FC2D4D /* Product.swift */,
				2C003C1B295C745300FC2D4D /* CartManager.swift */,
				2C003C19295C742C00FC2D4D /* MenuManager.swift */,
			);
			path = Model;
			sourceTree = "<group>";
		};
		2C46BA84295B2DCA00761531 /* Views */ = {
			isa = PBXGroup;
			children = (
				2CA21936295B0C0500E17138 /* Offer.swift */,
				2C46BA8C295B2F1A00761531 /* ProductItem.swift */,
				2C003C1D295C7C3B00FC2D4D /* OrderItem.swift */,
			);
			path = Views;
			sourceTree = "<group>";
		};
		2C46BA85295B2DD200761531 /* Page Views */ = {
			isa = PBXGroup;
			children = (
				2C46BA82295B202700761531 /* OffersPage.swift */,
				2C46BA86295B2DF000761531 /* OrdersPage.swift */,
				2C46BA8A295B2E4100761531 /* InfoPage.swift */,
				2C46BA88295B2E3500761531 /* MenuPage.swift */,
				2CBA56C1295B316A00B46A5E /* DetailsPage.swift */,
			);
			path = "Page Views";
			sourceTree = "<group>";
		};
		2C7751AA2959C231006C4C00 = {
			isa = PBXGroup;
			children = (
				2C7751B52959C231006C4C00 /* CoffeeMasters */,
				2C7751B42959C231006C4C00 /* Products */,
			);
			sourceTree = "<group>";
		};
		2C7751B42959C231006C4C00 /* Products */ = {
			isa = PBXGroup;
			children = (
				2C7751B32959C231006C4C00 /* CoffeeMasters.app */,
			);
			name = Products;
			sourceTree = "<group>";
		};
		2C7751B52959C231006C4C00 /* CoffeeMasters */ = {
			isa = PBXGroup;
			children = (
				2C003C14295C62B300FC2D4D /* Model */,
				2C46BA85295B2DD200761531 /* Page Views */,
				2C46BA84295B2DCA00761531 /* Views */,
				2C7751B82959C231006C4C00 /* ContentView.swift */,
				2C7751B62959C231006C4C00 /* CoffeeMastersApp.swift */,
				2C7751BA2959C232006C4C00 /* Assets.xcassets */,
				2C7751BC2959C232006C4C00 /* Preview Content */,
			);
			path = CoffeeMasters;
			sourceTree = "<group>";
		};
		2C7751BC2959C232006C4C00 /* Preview Content */ = {
			isa = PBXGroup;
			children = (
				2C7751BD2959C232006C4C00 /* Preview Assets.xcassets */,
			);
			path = "Preview Content";
			sourceTree = "<group>";
		};
/* End PBXGroup section */

/* Begin PBXNativeTarget section */
		2C7751B22959C231006C4C00 /* CoffeeMasters */ = {
			isa = PBXNativeTarget;
			buildConfigurationList = 2C7751C12959C232006C4C00 /* Build configuration list for PBXNativeTarget "CoffeeMasters" */;
			buildPhases = (
				2C7751AF2959C231006C4C00 /* Sources */,
				2C7751B02959C231006C4C00 /* Frameworks */,
				2C7751B12959C231006C4C00 /* Resources */,
			);
			buildRules = (
			);
			dependencies = (
			);
			name = CoffeeMasters;
			packageProductDependencies = (
				2C6AFFA0296304FB00B6D76F /* Alamofire */,
			);
			productName = CoffeeMasters;
			productReference = 2C7751B32959C231006C4C00 /* CoffeeMasters.app */;
			productType = "com.apple.product-type.application";
		};
/* End PBXNativeTarget section */

/* Begin PBXProject section */
		2C7751AB2959C231006C4C00 /* Project object */ = {
			isa = PBXProject;
			attributes = {
				BuildIndependentTargetsInParallel = 1;
				LastSwiftUpdateCheck = 1420;
				LastUpgradeCheck = 1420;
				TargetAttributes = {
					2C7751B22959C231006C4C00 = {
						CreatedOnToolsVersion = 14.2;
					};
				};
			};
			buildConfigurationList = 2C7751AE2959C231006C4C00 /* Build configuration list for PBXProject "CoffeeMasters" */;
			compatibilityVersion = "Xcode 14.0";
			developmentRegion = en;
			hasScannedForEncodings = 0;
			knownRegions = (
				en,
				Base,
			);
			mainGroup = 2C7751AA2959C231006C4C00;
			packageReferences = (
				2C6AFF9F296304FB00B6D76F /* XCRemoteSwiftPackageReference "Alamofire" */,
			);
			productRefGroup = 2C7751B42959C231006C4C00 /* Products */;
			projectDirPath = "";
			projectRoot = "";
			targets = (
				2C7751B22959C231006C4C00 /* CoffeeMasters */,
			);
		};
/* End PBXProject section */

/* Begin PBXResourcesBuildPhase section */
		2C7751B12959C231006C4C00 /* Resources */ = {
			isa = PBXResourcesBuildPhase;
			buildActionMask = 2147483647;
			files = (
				2C7751BE2959C232006C4C00 /* Preview Assets.xcassets in Resources */,
				2C7751BB2959C232006C4C00 /* Assets.xcassets in Resources */,
			);
			runOnlyForDeploymentPostprocessing = 0;
		};
/* End PBXResourcesBuildPhase section */

/* Begin PBXSourcesBuildPhase section */
		2C7751AF2959C231006C4C00 /* Sources */ = {
			isa = PBXSourcesBuildPhase;
			buildActionMask = 2147483647;
			files = (
				2CA21937295B0C0500E17138 /* Offer.swift in Sources */,
				2C003C1C295C745300FC2D4D /* CartManager.swift in Sources */,
				2C46BA83295B202700761531 /* OffersPage.swift in Sources */,
				2C46BA87295B2DF000761531 /* OrdersPage.swift in Sources */,
				2CBA56C2295B316A00B46A5E /* DetailsPage.swift in Sources */,
				2C46BA8B295B2E4100761531 /* InfoPage.swift in Sources */,
				2C46BA8D295B2F1A00761531 /* ProductItem.swift in Sources */,
				2C7751B92959C231006C4C00 /* ContentView.swift in Sources */,
				2C003C16295C62BC00FC2D4D /* Product.swift in Sources */,
				2C003C1E295C7C3B00FC2D4D /* OrderItem.swift in Sources */,
				2C003C1A295C742C00FC2D4D /* MenuManager.swift in Sources */,
				2C7751B72959C231006C4C00 /* CoffeeMastersApp.swift in Sources */,
				2C46BA89295B2E3500761531 /* MenuPage.swift in Sources */,
				2C003C18295C62C600FC2D4D /* Category.swift in Sources */,
			);
			runOnlyForDeploymentPostprocessing = 0;
		};
/* End PBXSourcesBuildPhase section */

/* Begin XCBuildConfiguration section */
		2C7751BF2959C232006C4C00 /* Debug */ = {
			isa = XCBuildConfiguration;
			buildSettings = {
				ALWAYS_SEARCH_USER_PATHS = NO;
				CLANG_ANALYZER_NONNULL = YES;
				CLANG_ANALYZER_NUMBER_OBJECT_CONVERSION = YES_AGGRESSIVE;
				CLANG_CXX_LANGUAGE_STANDARD = "gnu++20";
				CLANG_ENABLE_MODULES = YES;
				CLANG_ENABLE_OBJC_ARC = YES;
				CLANG_ENABLE_OBJC_WEAK = YES;
				CLANG_WARN_BLOCK_CAPTURE_AUTORELEASING = YES;
				CLANG_WARN_BOOL_CONVERSION = YES;
				CLANG_WARN_COMMA = YES;
				CLANG_WARN_CONSTANT_CONVERSION = YES;
				CLANG_WARN_DEPRECATED_OBJC_IMPLEMENTATIONS = YES;
				CLANG_WARN_DIRECT_OBJC_ISA_USAGE = YES_ERROR;
				CLANG_WARN_DOCUMENTATION_COMMENTS = YES;
				CLANG_WARN_EMPTY_BODY = YES;
				CLANG_WARN_ENUM_CONVERSION = YES;
				CLANG_WARN_INFINITE_RECURSION = YES;
				CLANG_WARN_INT_CONVERSION = YES;
				CLANG_WARN_NON_LITERAL_NULL_CONVERSION = YES;
				CLANG_WARN_OBJC_IMPLICIT_RETAIN_SELF = YES;
				CLANG_WARN_OBJC_LITERAL_CONVERSION = YES;
				CLANG_WARN_OBJC_ROOT_CLASS = YES_ERROR;
				CLANG_WARN_QUOTED_INCLUDE_IN_FRAMEWORK_HEADER = YES;
				CLANG_WARN_RANGE_LOOP_ANALYSIS = YES;
				CLANG_WARN_STRICT_PROTOTYPES = YES;
				CLANG_WARN_SUSPICIOUS_MOVE = YES;
				CLANG_WARN_UNGUARDED_AVAILABILITY = YES_AGGRESSIVE;
				CLANG_WARN_UNREACHABLE_CODE = YES;
				CLANG_WARN__DUPLICATE_METHOD_MATCH = YES;
				COPY_PHASE_STRIP = NO;
				DEBUG_INFORMATION_FORMAT = dwarf;
				ENABLE_STRICT_OBJC_MSGSEND = YES;
				ENABLE_TESTABILITY = YES;
				GCC_C_LANGUAGE_STANDARD = gnu11;
				GCC_DYNAMIC_NO_PIC = NO;
				GCC_NO_COMMON_BLOCKS = YES;
				GCC_OPTIMIZATION_LEVEL = 0;
				GCC_PREPROCESSOR_DEFINITIONS = (
					"DEBUG=1",
					"$(inherited)",
				);
				GCC_WARN_64_TO_32_BIT_CONVERSION = YES;
				GCC_WARN_ABOUT_RETURN_TYPE = YES_ERROR;
				GCC_WARN_UNDECLARED_SELECTOR = YES;
				GCC_WARN_UNINITIALIZED_AUTOS = YES_AGGRESSIVE;
				GCC_WARN_UNUSED_FUNCTION = YES;
				GCC_WARN_UNUSED_VARIABLE = YES;
				IPHONEOS_DEPLOYMENT_TARGET = 16.2;
				MTL_ENABLE_DEBUG_INFO = INCLUDE_SOURCE;
				MTL_FAST_MATH = YES;
				ONLY_ACTIVE_ARCH = YES;
				SDKROOT = iphoneos;
				SWIFT_ACTIVE_COMPILATION_CONDITIONS = DEBUG;
				SWIFT_OPTIMIZATION_LEVEL = "-Onone";
			};
			name = Debug;
		};
		2C7751C02959C232006C4C00 /* Release */ = {
			isa = XCBuildConfiguration;
			buildSettings = {
				ALWAYS_SEARCH_USER_PATHS = NO;
				CLANG_ANALYZER_NONNULL = YES;
				CLANG_ANALYZER_NUMBER_OBJECT_CONVERSION = YES_AGGRESSIVE;
				CLANG_CXX_LANGUAGE_STANDARD = "gnu++20";
				CLANG_ENABLE_MODULES = YES;
				CLANG_ENABLE_OBJC_ARC = YES;
				CLANG_ENABLE_OBJC_WEAK = YES;
				CLANG_WARN_BLOCK_CAPTURE_AUTORELEASING = YES;
				CLANG_WARN_BOOL_CONVERSION = YES;
				CLANG_WARN_COMMA = YES;
				CLANG_WARN_CONSTANT_CONVERSION = YES;
				CLANG_WARN_DEPRECATED_OBJC_IMPLEMENTATIONS = YES;
				CLANG_WARN_DIRECT_OBJC_ISA_USAGE = YES_ERROR;
				CLANG_WARN_DOCUMENTATION_COMMENTS = YES;
				CLANG_WARN_EMPTY_BODY = YES;
				CLANG_WARN_ENUM_CONVERSION = YES;
				CLANG_WARN_INFINITE_RECURSION = YES;
				CLANG_WARN_INT_CONVERSION = YES;
				CLANG_WARN_NON_LITERAL_NULL_CONVERSION = YES;
				CLANG_WARN_OBJC_IMPLICIT_RETAIN_SELF = YES;
				CLANG_WARN_OBJC_LITERAL_CONVERSION = YES;
				CLANG_WARN_OBJC_ROOT_CLASS = YES_ERROR;
				CLANG_WARN_QUOTED_INCLUDE_IN_FRAMEWORK_HEADER = YES;
				CLANG_WARN_RANGE_LOOP_ANALYSIS = YES;
				CLANG_WARN_STRICT_PROTOTYPES = YES;
				CLANG_WARN_SUSPICIOUS_MOVE = YES;
				CLANG_WARN_UNGUARDED_AVAILABILITY = YES_AGGRESSIVE;
				CLANG_WARN_UNREACHABLE_CODE = YES;
				CLANG_WARN__DUPLICATE_METHOD_MATCH = YES;
				COPY_PHASE_STRIP = NO;
				DEBUG_INFORMATION_FORMAT = "dwarf-with-dsym";
				ENABLE_NS_ASSERTIONS = NO;
				ENABLE_STRICT_OBJC_MSGSEND = YES;
				GCC_C_LANGUAGE_STANDARD = gnu11;
				GCC_NO_COMMON_BLOCKS = YES;
				GCC_WARN_64_TO_32_BIT_CONVERSION = YES;
				GCC_WARN_ABOUT_RETURN_TYPE = YES_ERROR;
				GCC_WARN_UNDECLARED_SELECTOR = YES;
				GCC_WARN_UNINITIALIZED_AUTOS = YES_AGGRESSIVE;
				GCC_WARN_UNUSED_FUNCTION = YES;
				GCC_WARN_UNUSED_VARIABLE = YES;
				IPHONEOS_DEPLOYMENT_TARGET = 16.2;
				MTL_ENABLE_DEBUG_INFO = NO;
				MTL_FAST_MATH = YES;
				SDKROOT = iphoneos;
				SWIFT_COMPILATION_MODE = wholemodule;
				SWIFT_OPTIMIZATION_LEVEL = "-O";
				VALIDATE_PRODUCT = YES;
			};
			name = Release;
		};
		2C7751C22959C232006C4C00 /* Debug */ = {
			isa = XCBuildConfiguration;
			buildSettings = {
				ASSETCATALOG_COMPILER_APPICON_NAME = AppIcon;
				ASSETCATALOG_COMPILER_GLOBAL_ACCENT_COLOR_NAME = AccentColor;
				CODE_SIGN_STYLE = Automatic;
				CURRENT_PROJECT_VERSION = 1;
				DEVELOPMENT_ASSET_PATHS = "\"CoffeeMasters/Preview Content\"";
				ENABLE_PREVIEWS = YES;
				GENERATE_INFOPLIST_FILE = YES;
				INFOPLIST_KEY_UIApplicationSceneManifest_Generation = YES;
				INFOPLIST_KEY_UIApplicationSupportsIndirectInputEvents = YES;
				INFOPLIST_KEY_UILaunchScreen_Generation = YES;
				INFOPLIST_KEY_UISupportedInterfaceOrientations_iPad = "UIInterfaceOrientationPortrait UIInterfaceOrientationPortraitUpsideDown UIInterfaceOrientationLandscapeLeft UIInterfaceOrientationLandscapeRight";
				INFOPLIST_KEY_UISupportedInterfaceOrientations_iPhone = "UIInterfaceOrientationPortrait UIInterfaceOrientationLandscapeLeft UIInterfaceOrientationLandscapeRight";
				LD_RUNPATH_SEARCH_PATHS = (
					"$(inherited)",
					"@executable_path/Frameworks",
				);
				MARKETING_VERSION = 1.0;
				PRODUCT_BUNDLE_IDENTIFIER = me.plskz.CoffeeMasters;
				PRODUCT_NAME = "$(TARGET_NAME)";
				SWIFT_EMIT_LOC_STRINGS = YES;
				SWIFT_VERSION = 5.0;
				TARGETED_DEVICE_FAMILY = "1,2";
			};
			name = Debug;
		};
		2C7751C32959C232006C4C00 /* Release */ = {
			isa = XCBuildConfiguration;
			buildSettings = {
				ASSETCATALOG_COMPILER_APPICON_NAME = AppIcon;
				ASSETCATALOG_COMPILER_GLOBAL_ACCENT_COLOR_NAME = AccentColor;
				CODE_SIGN_STYLE = Automatic;
				CURRENT_PROJECT_VERSION = 1;
				DEVELOPMENT_ASSET_PATHS = "\"CoffeeMasters/Preview Content\"";
				ENABLE_PREVIEWS = YES;
				GENERATE_INFOPLIST_FILE = YES;
				INFOPLIST_KEY_UIApplicationSceneManifest_Generation = YES;
				INFOPLIST_KEY_UIApplicationSupportsIndirectInputEvents = YES;
				INFOPLIST_KEY_UILaunchScreen_Generation = YES;
				INFOPLIST_KEY_UISupportedInterfaceOrientations_iPad = "UIInterfaceOrientationPortrait UIInterfaceOrientationPortraitUpsideDown UIInterfaceOrientationLandscapeLeft UIInterfaceOrientationLandscapeRight";
				INFOPLIST_KEY_UISupportedInterfaceOrientations_iPhone = "UIInterfaceOrientationPortrait UIInterfaceOrientationLandscapeLeft UIInterfaceOrientationLandscapeRight";
				LD_RUNPATH_SEARCH_PATHS = (
					"$(inherited)",
					"@executable_path/Frameworks",
				);
				MARKETING_VERSION = 1.0;
				PRODUCT_BUNDLE_IDENTIFIER = me.plskz.CoffeeMasters;
				PRODUCT_NAME = "$(TARGET_NAME)";
				SWIFT_EMIT_LOC_STRINGS = YES;
				SWIFT_VERSION = 5.0;
				TARGETED_DEVICE_FAMILY = "1,2";
			};
			name = Release;
		};
/* End XCBuildConfiguration section */

/* Begin XCConfigurationList section */
		2C7751AE2959C231006C4C00 /* Build configuration list for PBXProject "CoffeeMasters" */ = {
			isa = XCConfigurationList;
			buildConfigurations = (
				2C7751BF2959C232006C4C00 /* Debug */,
				2C7751C02959C232006C4C00 /* Release */,
			);
			defaultConfigurationIsVisible = 0;
			defaultConfigurationName = Release;
		};
		2C7751C12959C232006C4C00 /* Build configuration list for PBXNativeTarget "CoffeeMasters" */ = {
			isa = XCConfigurationList;
			buildConfigurations = (
				2C7751C22959C232006C4C00 /* Debug */,
				2C7751C32959C232006C4C00 /* Release */,
			);
			defaultConfigurationIsVisible = 0;
			defaultConfigurationName = Release;
		};
/* End XCConfigurationList section */

/* Begin XCRemoteSwiftPackageReference section */
		2C6AFF9F296304FB00B6D76F /* XCRemoteSwiftPackageReference "Alamofire" */ = {
			isa = XCRemoteSwiftPackageReference;
			repositoryURL = "https://github.com/Alamofire/Alamofire";
			requirement = {
				kind = upToNextMajorVersion;
				minimumVersion = 5.0.0;
			};
		};
/* End XCRemoteSwiftPackageReference section */

/* Begin XCSwiftPackageProductDependency section */
		2C6AFFA0296304FB00B6D76F /* Alamofire */ = {
			isa = XCSwiftPackageProductDependency;
			package = 2C6AFF9F296304FB00B6D76F /* XCRemoteSwiftPackageReference "Alamofire" */;
			productName = Alamofire;
		};
/* End XCSwiftPackageProductDependency section */
	};
	rootObject = 2C7751AB2959C231006C4C00 /* Project object */;
}
